Microsoft Visual Studio Solution File, Format Version 12.00
# Visual Studio Version 17
VisualStudioVersion = 17.5.2.0
MinimumVisualStudioVersion = 10.0.40219.1
Project("{FAE04EC0-301F-11D3-BF4B-00C04F79EFBC}") = "CentroEventos.Repositorios", "CentroEventos.Repositorios.csproj", "{612E81CA-256F-B013-4BFC-2A0FAE63C0A4}"
EndProject
Global
	GlobalSection(SolutionConfigurationPlatforms) = preSolution
		Debug|Any CPU = Debug|Any CPU
		Release|Any CPU = Release|Any CPU
	EndGlobalSection
	GlobalSection(ProjectConfigurationPlatforms) = postSolution
		{612E81CA-256F-B013-4BFC-2A0FAE63C0A4}.Debug|Any CPU.ActiveCfg = Debug|Any CPU
		{612E81CA-256F-B013-4BFC-2A0FAE63C0A4}.Debug|Any CPU.Build.0 = Debug|Any CPU
		{612E81CA-256F-B013-4BFC-2A0FAE63C0A4}.Release|Any CPU.ActiveCfg = Release|Any CPU
		{612E81CA-256F-B013-4BFC-2A0FAE63C0A4}.Release|Any CPU.Build.0 = Release|Any CPU
	EndGlobalSection
	GlobalSection(SolutionProperties) = preSolution
		HideSolutionNode = FALSE
	EndGlobalSection
	GlobalSection(ExtensibilityGlobals) = postSolution
		SolutionGuid = {E8297F26-5FF8-498E-817D-FFE733EFDA6D}
	EndGlobalSection
EndGlobal
